
Microsoft Visual Studio Solution File, Format Version 12.00
# Visual Studio Version 17
VisualStudioVersion = 17.7.34031.279
MinimumVisualStudioVersion = 10.0.40219.1
Project("{FAE04EC0-301F-11D3-BF4B-00C04F79EFBC}") = "BasicMathTDDTest", "BasicMathTDDTest\BasicMathTDDTest.csproj", "{9AD4ADE1-A554-4BC0-9AB0-13D495400E2E}"
EndProject
Project("{FAE04EC0-301F-11D3-BF4B-00C04F79EFBC}") = "BasicMath", "BasicMath\BasicMath.csproj", "{FC78B00D-2BDA-40F3-B31D-A6930F123A3D}"
EndProject
Global
	GlobalSection(SolutionConfigurationPlatforms) = preSolution
		Debug|Any CPU = Debug|Any CPU
		Release|Any CPU = Release|Any CPU
	EndGlobalSection
	GlobalSection(ProjectConfigurationPlatforms) = postSolution
		{9AD4ADE1-A554-4BC0-9AB0-13D495400E2E}.Debug|Any CPU.ActiveCfg = Debug|Any CPU
		{9AD4ADE1-A554-4BC0-9AB0-13D495400E2E}.Debug|Any CPU.Build.0 = Debug|Any CPU
		{9AD4ADE1-A554-4BC0-9AB0-13D495400E2E}.Release|Any CPU.ActiveCfg = Release|Any CPU
		{9AD4ADE1-A554-4BC0-9AB0-13D495400E2E}.Release|Any CPU.Build.0 = Release|Any CPU
		{FC78B00D-2BDA-40F3-B31D-A6930F123A3D}.Debug|Any CPU.ActiveCfg = Debug|Any CPU
		{FC78B00D-2BDA-40F3-B31D-A6930F123A3D}.Debug|Any CPU.Build.0 = Debug|Any CPU
		{FC78B00D-2BDA-40F3-B31D-A6930F123A3D}.Release|Any CPU.ActiveCfg = Release|Any CPU
		{FC78B00D-2BDA-40F3-B31D-A6930F123A3D}.Release|Any CPU.Build.0 = Release|Any CPU
	EndGlobalSection
	GlobalSection(SolutionProperties) = preSolution
		HideSolutionNode = FALSE
	EndGlobalSection
	GlobalSection(ExtensibilityGlobals) = postSolution
		SolutionGuid = {7D0466F7-6148-4CBC-9940-FEB57F02E0D3}
	EndGlobalSection
EndGlobal
